PODS:
  - AppsFlyerFramework (6.12.0):
    - AppsFlyerFramework/Main (= 6.12.0)
  - AppsFlyerFramework/Main (6.12.0)
  - FBSnapshotTestCase (2.1.4):
    - FBSnapshotTestCase/SwiftSupport (= 2.1.4)
  - FBSnapshotTestCase/Core (2.1.4)
  - FBSnapshotTestCase/SwiftSupport (2.1.4):
    - FBSnapshotTestCase/Core
  - JccLibrary (0.1.0):
    - AppsFlyerFramework (~> 6.12.0)

DEPENDENCIES:
  - FBSnapshotTestCase
  - JccLibrary (from `../`)

SPEC REPOS:
  trunk:
    - AppsFlyerFramework
    - FBSnapshotTestCase

EXTERNAL SOURCES:
  JccLibrary:
    :path: "../"

SPEC CHECKSUMS:
  AppsFlyerFramework: 38431c0dd52c05f4bdbe34934ef004d586063b30
  FBSnapshotTestCase: 094f9f314decbabe373b87cc339bea235a63e07a
  JccLibrary: 9dbad4104d695aefd9e31d54094e879476b40362

PODFILE CHECKSUM: 1c045c8665f34cba1ad9e30eaa52f3cdda6e5420

COCOAPODS: 1.12.1
